
Microsoft Visual Studio Solution File, Format Version 12.00
# Visual Studio 15
VisualStudioVersion = 15.0.27428.2037
MinimumVisualStudioVersion = 10.0.40219.1
Project("{8BC9CEB8-8B4A-11D0-8D11-00A0C91BC942}") = "Bubble Sort Recursive", "Bubble Sort Recursive\Bubble Sort Recursive.vcxproj", "{FAD7E985-B1A8-4A2B-8D36-E10241F2199E}"
EndProject
Global
	GlobalSection(SolutionConfigurationPlatforms) = preSolution
		Debug|x64 = Debug|x64
		Debug|x86 = Debug|x86
		Release|x64 = Release|x64
		Release|x86 = Release|x86
	EndGlobalSection
	GlobalSection(ProjectConfigurationPlatforms) = postSolution
		{FAD7E985-B1A8-4A2B-8D36-E10241F2199E}.Debug|x64.ActiveCfg = Debug|x64
		{FAD7E985-B1A8-4A2B-8D36-E10241F2199E}.Debug|x64.Build.0 = Debug|x64
		{FAD7E985-B1A8-4A2B-8D36-E10241F2199E}.Debug|x86.ActiveCfg = Debug|Win32
		{FAD7E985-B1A8-4A2B-8D36-E10241F2199E}.Debug|x86.Build.0 = Debug|Win32
		{FAD7E985-B1A8-4A2B-8D36-E10241F2199E}.Release|x64.ActiveCfg = Release|x64
		{FAD7E985-B1A8-4A2B-8D36-E10241F2199E}.Release|x64.Build.0 = Release|x64
		{FAD7E985-B1A8-4A2B-8D36-E10241F2199E}.Release|x86.ActiveCfg = Release|Win32
		{FAD7E985-B1A8-4A2B-8D36-E10241F2199E}.Release|x86.Build.0 = Release|Win32
	EndGlobalSection
	GlobalSection(SolutionProperties) = preSolution
		HideSolutionNode = FALSE
	EndGlobalSection
	GlobalSection(ExtensibilityGlobals) = postSolution
		SolutionGuid = {9444A071-612C-4140-93C1-88CAD1F735DE}
	EndGlobalSection
EndGlobal
