
Microsoft Visual Studio Solution File, Format Version 12.00
# Visual Studio 15
VisualStudioVersion = 15.0.27428.2037
MinimumVisualStudioVersion = 10.0.40219.1
Project("{8BC9CEB8-8B4A-11D0-8D11-00A0C91BC942}") = "Insertion Sort Recursive", "Insertion Sort Recursive\Insertion Sort Recursive.vcxproj", "{F67AE97B-5F9C-475F-A0A2-14A05CC70669}"
EndProject
Global
	GlobalSection(SolutionConfigurationPlatforms) = preSolution
		Debug|x64 = Debug|x64
		Debug|x86 = Debug|x86
		Release|x64 = Release|x64
		Release|x86 = Release|x86
	EndGlobalSection
	GlobalSection(ProjectConfigurationPlatforms) = postSolution
		{F67AE97B-5F9C-475F-A0A2-14A05CC70669}.Debug|x64.ActiveCfg = Debug|x64
		{F67AE97B-5F9C-475F-A0A2-14A05CC70669}.Debug|x64.Build.0 = Debug|x64
		{F67AE97B-5F9C-475F-A0A2-14A05CC70669}.Debug|x86.ActiveCfg = Debug|Win32
		{F67AE97B-5F9C-475F-A0A2-14A05CC70669}.Debug|x86.Build.0 = Debug|Win32
		{F67AE97B-5F9C-475F-A0A2-14A05CC70669}.Release|x64.ActiveCfg = Release|x64
		{F67AE97B-5F9C-475F-A0A2-14A05CC70669}.Release|x64.Build.0 = Release|x64
		{F67AE97B-5F9C-475F-A0A2-14A05CC70669}.Release|x86.ActiveCfg = Release|Win32
		{F67AE97B-5F9C-475F-A0A2-14A05CC70669}.Release|x86.Build.0 = Release|Win32
	EndGlobalSection
	GlobalSection(SolutionProperties) = preSolution
		HideSolutionNode = FALSE
	EndGlobalSection
	GlobalSection(ExtensibilityGlobals) = postSolution
		SolutionGuid = {5B03831C-1B9E-46AC-BE4D-051B21FA77CF}
	EndGlobalSection
EndGlobal
