
Microsoft Visual Studio Solution File, Format Version 12.00
# Visual Studio 15
VisualStudioVersion = 15.0.27428.2037
MinimumVisualStudioVersion = 10.0.40219.1
Project("{8BC9CEB8-8B4A-11D0-8D11-00A0C91BC942}") = "Quick Sort", "Quick Sort\Quick Sort.vcxproj", "{05346C9D-2685-439F-839F-17DB9DDAA58E}"
EndProject
Global
	GlobalSection(SolutionConfigurationPlatforms) = preSolution
		Debug|x64 = Debug|x64
		Debug|x86 = Debug|x86
		Release|x64 = Release|x64
		Release|x86 = Release|x86
	EndGlobalSection
	GlobalSection(ProjectConfigurationPlatforms) = postSolution
		{05346C9D-2685-439F-839F-17DB9DDAA58E}.Debug|x64.ActiveCfg = Debug|x64
		{05346C9D-2685-439F-839F-17DB9DDAA58E}.Debug|x64.Build.0 = Debug|x64
		{05346C9D-2685-439F-839F-17DB9DDAA58E}.Debug|x86.ActiveCfg = Debug|Win32
		{05346C9D-2685-439F-839F-17DB9DDAA58E}.Debug|x86.Build.0 = Debug|Win32
		{05346C9D-2685-439F-839F-17DB9DDAA58E}.Release|x64.ActiveCfg = Release|x64
		{05346C9D-2685-439F-839F-17DB9DDAA58E}.Release|x64.Build.0 = Release|x64
		{05346C9D-2685-439F-839F-17DB9DDAA58E}.Release|x86.ActiveCfg = Release|Win32
		{05346C9D-2685-439F-839F-17DB9DDAA58E}.Release|x86.Build.0 = Release|Win32
	EndGlobalSection
	GlobalSection(SolutionProperties) = preSolution
		HideSolutionNode = FALSE
	EndGlobalSection
	GlobalSection(ExtensibilityGlobals) = postSolution
		SolutionGuid = {3CD473EC-E068-4C1D-A25A-1CCA6077A621}
	EndGlobalSection
EndGlobal
